
Microsoft Visual Studio Solution File, Format Version 12.00
# Visual Studio Version 17
VisualStudioVersion = 17.3.32929.385
MinimumVisualStudioVersion = 10.0.40219.1
Project("{9A19103F-16F7-4668-BE54-9A1E7A4F7556}") = "Yanp", "src\Yanp.csproj", "{8DB3C02F-23EA-42D6-9767-997E40597A56}"
EndProject
Project("{FAE04EC0-301F-11D3-BF4B-00C04F79EFBC}") = "Yanp.Test", "test\Yanp.Test.csproj", "{0183F910-B619-4554-AEA3-680F56CE3BBA}"
EndProject
Global
	GlobalSection(SolutionConfigurationPlatforms) = preSolution
		Debug|Any CPU = Debug|Any CPU
		Release|Any CPU = Release|Any CPU
	EndGlobalSection
	GlobalSection(ProjectConfigurationPlatforms) = postSolution
		{8DB3C02F-23EA-42D6-9767-997E40597A56}.Debug|Any CPU.ActiveCfg = Debug|Any CPU
		{8DB3C02F-23EA-42D6-9767-997E40597A56}.Debug|Any CPU.Build.0 = Debug|Any CPU
		{8DB3C02F-23EA-42D6-9767-997E40597A56}.Release|Any CPU.ActiveCfg = Release|Any CPU
		{8DB3C02F-23EA-42D6-9767-997E40597A56}.Release|Any CPU.Build.0 = Release|Any CPU
		{0183F910-B619-4554-AEA3-680F56CE3BBA}.Debug|Any CPU.ActiveCfg = Debug|Any CPU
		{0183F910-B619-4554-AEA3-680F56CE3BBA}.Debug|Any CPU.Build.0 = Debug|Any CPU
		{0183F910-B619-4554-AEA3-680F56CE3BBA}.Release|Any CPU.ActiveCfg = Release|Any CPU
		{0183F910-B619-4554-AEA3-680F56CE3BBA}.Release|Any CPU.Build.0 = Release|Any CPU
	EndGlobalSection
	GlobalSection(SolutionProperties) = preSolution
		HideSolutionNode = FALSE
	EndGlobalSection
	GlobalSection(ExtensibilityGlobals) = postSolution
		SolutionGuid = {82345887-C798-4240-92D0-C86EB95A5D76}
	EndGlobalSection
EndGlobal
